// !$*UTF8*$!
{
	archiveVersion = 1;
	classes = {
	};
	objectVersion = 46;
	objects = {

/* Begin PBXBuildFile section */
		4406FB011D362CB400814C4C /* AppDelegate.swift in Sources */ = {isa = PBXBuildFile; fileRef = 4406FB001D362CB400814C4C /* AppDelegate.swift */; };
		4406FB031D362CB400814C4C /* ViewController.swift in Sources */ = {isa = PBXBuildFile; fileRef = 4406FB021D362CB400814C4C /* ViewController.swift */; };
		4406FB061D362CB400814C4C /* Main.storyboard in Resources */ = {isa = PBXBuildFile; fileRef = 4406FB041D362CB400814C4C /* Main.storyboard */; };
		4406FB091D362CB400814C4C /* jsq3_0.xcdatamodeld in Sources */ = {isa = PBXBuildFile; fileRef = 4406FB071D362CB400814C4C /* jsq3_0.xcdatamodeld */; };
		4406FB0B1D362CB400814C4C /* Assets.xcassets in Resources */ = {isa = PBXBuildFile; fileRef = 4406FB0A1D362CB400814C4C /* Assets.xcassets */; };
		4406FB0E1D362CB400814C4C /* LaunchScreen.storyboard in Resources */ = {isa = PBXBuildFile; fileRef = 4406FB0C1D362CB400814C4C /* LaunchScreen.storyboard */; };
		4406FB191D362CB400814C4C /* jsq3_0Tests.swift in Sources */ = {isa = PBXBuildFile; fileRef = 4406FB181D362CB400814C4C /* jsq3_0Tests.swift */; };
		4406FB241D362CB400814C4C /* jsq3_0UITests.swift in Sources */ = {isa = PBXBuildFile; fileRef = 4406FB231D362CB400814C4C /* jsq3_0UITests.swift */; };
/* End PBXBuildFile section */

/* Begin PBXContainerItemProxy section */
		4406FB151D362CB400814C4C /* PBXContainerItemProxy */ = {
			isa = PBXContainerItemProxy;
			containerPortal = 4406FAF51D362CB400814C4C /* Project object */;
			proxyType = 1;
			remoteGlobalIDString = 4406FAFC1D362CB400814C4C;
			remoteInfo = jsq3.0;
		};
		4406FB201D362CB400814C4C /* PBXContainerItemProxy */ = {
			isa = PBXContainerItemProxy;
			containerPortal = 4406FAF51D362CB400814C4C /* Project object */;
			proxyType = 1;
			remoteGlobalIDString = 4406FAFC1D362CB400814C4C;
			remoteInfo = jsq3.0;
		};
/* End PBXContainerItemProxy section */

/* Begin PBXFileReference section */
		4406FAFD1D362CB400814C4C /* jsq3.0.app */ = {isa = PBXFileReference; explicitFileType = wrapper.application; includeInIndex = 0; path = jsq3.0.app; sourceTree = BUILT_PRODUCTS_DIR; };
		4406FB001D362CB400814C4C /* AppDelegate.swift */ = {isa = PBXFileReference; lastKnownFileType = sourcecode.swift; path = AppDelegate.swift; sourceTree = "<group>"; };
		4406FB021D362CB400814C4C /* ViewController.swift */ = {isa = PBXFileReference; lastKnownFileType = sourcecode.swift; path = ViewController.swift; sourceTree = "<group>"; };
		4406FB051D362CB400814C4C /* Base */ = {isa = PBXFileReference; lastKnownFileType = file.storyboard; name = Base; path = Base.lproj/Main.storyboard; sourceTree = "<group>"; };
		4406FB081D362CB400814C4C /* jsq3_0.xcdatamodel */ = {isa = PBXFileReference; lastKnownFileType = wrapper.xcdatamodel; path = jsq3_0.xcdatamodel; sourceTree = "<group>"; };
		4406FB0A1D362CB400814C4C /* Assets.xcassets */ = {isa = PBXFileReference; lastKnownFileType = folder.assetcatalog; path = Assets.xcassets; sourceTree = "<group>"; };
		4406FB0D1D362CB400814C4C /* Base */ = {isa = PBXFileReference; lastKnownFileType = file.storyboard; name = Base; path = Base.lproj/LaunchScreen.storyboard; sourceTree = "<group>"; };
		4406FB0F1D362CB400814C4C /* Info.plist */ = {isa = PBXFileReference; lastKnownFileType = text.plist.xml; path = Info.plist; sourceTree = "<group>"; };
		4406FB141D362CB400814C4C /* jsq3.0Tests.xctest */ = {isa = PBXFileReference; explicitFileType = wrapper.cfbundle; includeInIndex = 0; path = jsq3.0Tests.xctest; sourceTree = BUILT_PRODUCTS_DIR; };
		4406FB181D362CB400814C4C /* jsq3_0Tests.swift */ = {isa = PBXFileReference; lastKnownFileType = sourcecode.swift; path = jsq3_0Tests.swift; sourceTree = "<group>"; };
		4406FB1A1D362CB400814C4C /* Info.plist */ = {isa = PBXFileReference; lastKnownFileType = text.plist.xml; path = Info.plist; sourceTree = "<group>"; };
		4406FB1F1D362CB400814C4C /* jsq3.0UITests.xctest */ = {isa = PBXFileReference; explicitFileType = wrapper.cfbundle; includeInIndex = 0; path = jsq3.0UITests.xctest; sourceTree = BUILT_PRODUCTS_DIR; };
		4406FB231D362CB400814C4C /* jsq3_0UITests.swift */ = {isa = PBXFileReference; lastKnownFileType = sourcecode.swift; path = jsq3_0UITests.swift; sourceTree = "<group>"; };
		4406FB251D362CB400814C4C /* Info.plist */ = {isa = PBXFileReference; lastKnownFileType = text.plist.xml; path = Info.plist; sourceTree = "<group>"; };
/* End PBXFileReference section */

/* Begin PBXFrameworksBuildPhase section */
		4406FAFA1D362CB400814C4C /* Frameworks */ = {
			isa = PBXFrameworksBuildPhase;
			buildActionMask = 2147483647;
			files = (
			);
			runOnlyForDeploymentPostprocessing = 0;
		};
		4406FB111D362CB400814C4C /* Frameworks */ = {
			isa = PBXFrameworksBuildPhase;
			buildActionMask = 2147483647;
			files = (
			);
			runOnlyForDeploymentPostprocessing = 0;
		};
		4406FB1C1D362CB400814C4C /* Frameworks */ = {
			isa = PBXFrameworksBuildPhase;
			buildActionMask = 2147483647;
			files = (
			);
			runOnlyForDeploymentPostprocessing = 0;
		};
/* End PBXFrameworksBuildPhase section */

/* Begin PBXGroup section */
		4406FAF41D362CB400814C4C = {
			isa = PBXGroup;
			children = (
				4406FAFF1D362CB400814C4C /* jsq3.0 */,
				4406FB171D362CB400814C4C /* jsq3.0Tests */,
				4406FB221D362CB400814C4C /* jsq3.0UITests */,
				4406FAFE1D362CB400814C4C /* Products */,
			);
			sourceTree = "<group>";
		};
		4406FAFE1D362CB400814C4C /* Products */ = {
			isa = PBXGroup;
			children = (
				4406FAFD1D362CB400814C4C /* jsq3.0.app */,
				4406FB141D362CB400814C4C /* jsq3.0Tests.xctest */,
				4406FB1F1D362CB400814C4C /* jsq3.0UITests.xctest */,
			);
			name = Products;
			sourceTree = "<group>";
		};
		4406FAFF1D362CB400814C4C /* jsq3.0 */ = {
			isa = PBXGroup;
			children = (
				4406FB001D362CB400814C4C /* AppDelegate.swift */,
				4406FB021D362CB400814C4C /* ViewController.swift */,
				4406FB041D362CB400814C4C /* Main.storyboard */,
				4406FB0A1D362CB400814C4C /* Assets.xcassets */,
				4406FB0C1D362CB400814C4C /* LaunchScreen.storyboard */,
				4406FB0F1D362CB400814C4C /* Info.plist */,
				4406FB071D362CB400814C4C /* jsq3_0.xcdatamodeld */,
			);
			path = jsq3.0;
			sourceTree = "<group>";
		};
		4406FB171D362CB400814C4C /* jsq3.0Tests */ = {
			isa = PBXGroup;
			children = (
				4406FB181D362CB400814C4C /* jsq3_0Tests.swift */,
				4406FB1A1D362CB400814C4C /* Info.plist */,
			);
			path = jsq3.0Tests;
			sourceTree = "<group>";
		};
		4406FB221D362CB400814C4C /* jsq3.0UITests */ = {
			isa = PBXGroup;
			children = (
				4406FB231D362CB400814C4C /* jsq3_0UITests.swift */,
				4406FB251D362CB400814C4C /* Info.plist */,
			);
			path = jsq3.0UITests;
			sourceTree = "<group>";
		};
/* End PBXGroup section */

/* Begin PBXNativeTarget section */
		4406FAFC1D362CB400814C4C /* jsq3.0 */ = {
			isa = PBXNativeTarget;
			buildConfigurationList = 4406FB281D362CB400814C4C /* Build configuration list for PBXNativeTarget "jsq3.0" */;
			buildPhases = (
				4406FAF91D362CB400814C4C /* Sources */,
				4406FAFA1D362CB400814C4C /* Frameworks */,
				4406FAFB1D362CB400814C4C /* Resources */,
			);
			buildRules = (
			);
			dependencies = (
			);
			name = jsq3.0;
			productName = jsq3.0;
			productReference = 4406FAFD1D362CB400814C4C /* jsq3.0.app */;
			productType = "com.apple.product-type.application";
		};
		4406FB131D362CB400814C4C /* jsq3.0Tests */ = {
			isa = PBXNativeTarget;
			buildConfigurationList = 4406FB2B1D362CB400814C4C /* Build configuration list for PBXNativeTarget "jsq3.0Tests" */;
			buildPhases = (
				4406FB101D362CB400814C4C /* Sources */,
				4406FB111D362CB400814C4C /* Frameworks */,
				4406FB121D362CB400814C4C /* Resources */,
			);
			buildRules = (
			);
			dependencies = (
				4406FB161D362CB400814C4C /* PBXTargetDependency */,
			);
			name = jsq3.0Tests;
			productName = jsq3.0Tests;
			productReference = 4406FB141D362CB400814C4C /* jsq3.0Tests.xctest */;
			productType = "com.apple.product-type.bundle.unit-test";
		};
		4406FB1E1D362CB400814C4C /* jsq3.0UITests */ = {
			isa = PBXNativeTarget;
			buildConfigurationList = 4406FB2E1D362CB400814C4C /* Build configuration list for PBXNativeTarget "jsq3.0UITests" */;
			buildPhases = (
				4406FB1B1D362CB400814C4C /* Sources */,
				4406FB1C1D362CB400814C4C /* Frameworks */,
				4406FB1D1D362CB400814C4C /* Resources */,
			);
			buildRules = (
			);
			dependencies = (
				4406FB211D362CB400814C4C /* PBXTargetDependency */,
			);
			name = jsq3.0UITests;
			productName = jsq3.0UITests;
			productReference = 4406FB1F1D362CB400814C4C /* jsq3.0UITests.xctest */;
			productType = "com.apple.product-type.bundle.ui-testing";
		};
/* End PBXNativeTarget section */

/* Begin PBXProject section */
		4406FAF51D362CB400814C4C /* Project object */ = {
			isa = PBXProject;
			attributes = {
				LastSwiftUpdateCheck = 0730;
				LastUpgradeCheck = 0730;
				ORGANIZATIONNAME = 20141105042HYB;
				TargetAttributes = {
					4406FAFC1D362CB400814C4C = {
						CreatedOnToolsVersion = 7.3.1;
					};
					4406FB131D362CB400814C4C = {
						CreatedOnToolsVersion = 7.3.1;
						TestTargetID = 4406FAFC1D362CB400814C4C;
					};
					4406FB1E1D362CB400814C4C = {
						CreatedOnToolsVersion = 7.3.1;
						TestTargetID = 4406FAFC1D362CB400814C4C;
					};
				};
			};
			buildConfigurationList = 4406FAF81D362CB400814C4C /* Build configuration list for PBXProject "jsq3.0" */;
			compatibilityVersion = "Xcode 3.2";
			developmentRegion = English;
			hasScannedForEncodings = 0;
			knownRegions = (
				en,
				Base,
			);
			mainGroup = 4406FAF41D362CB400814C4C;
			productRefGroup = 4406FAFE1D362CB400814C4C /* Products */;
			projectDirPath = "";
			projectRoot = "";
			targets = (
				4406FAFC1D362CB400814C4C /* jsq3.0 */,
				4406FB131D362CB400814C4C /* jsq3.0Tests */,
				4406FB1E1D362CB400814C4C /* jsq3.0UITests */,
			);
		};
/* End PBXProject section */

/* Begin PBXResourcesBuildPhase section */
		4406FAFB1D362CB400814C4C /* Resources */ = {
			isa = PBXResourcesBuildPhase;
			buildActionMask = 2147483647;
			files = (
				4406FB0E1D362CB400814C4C /* LaunchScreen.storyboard in Resources */,
				4406FB0B1D362CB400814C4C /* Assets.xcassets in Resources */,
				4406FB061D362CB400814C4C /* Main.storyboard in Resources */,
			);
			runOnlyForDeploymentPostprocessing = 0;
		};
		4406FB121D362CB400814C4C /* Resources */ = {
			isa = PBXResourcesBuildPhase;
			buildActionMask = 2147483647;
			files = (
			);
			runOnlyForDeploymentPostprocessing = 0;
		};
		4406FB1D1D362CB400814C4C /* Resources */ = {
			isa = PBXResourcesBuildPhase;
			buildActionMask = 2147483647;
			files = (
			);
			runOnlyForDeploymentPostprocessing = 0;
		};
/* End PBXResourcesBuildPhase section */

/* Begin PBXSourcesBuildPhase section */
		4406FAF91D362CB400814C4C /* Sources */ = {
			isa = PBXSourcesBuildPhase;
			buildActionMask = 2147483647;
			files = (
				4406FB031D362CB400814C4C /* ViewController.swift in Sources */,
				4406FB091D362CB400814C4C /* jsq3_0.xcdatamodeld in Sources */,
				4406FB011D362CB400814C4C /* AppDelegate.swift in Sources */,
			);
			runOnlyForDeploymentPostprocessing = 0;
		};
		4406FB101D362CB400814C4C /* Sources */ = {
			isa = PBXSourcesBuildPhase;
			buildActionMask = 2147483647;
			files = (
				4406FB191D362CB400814C4C /* jsq3_0Tests.swift in Sources */,
			);
			runOnlyForDeploymentPostprocessing = 0;
		};
		4406FB1B1D362CB400814C4C /* Sources */ = {
			isa = PBXSourcesBuildPhase;
			buildActionMask = 2147483647;
			files = (
				4406FB241D362CB400814C4C /* jsq3_0UITests.swift in Sources */,
			);
			runOnlyForDeploymentPostprocessing = 0;
		};
/* End PBXSourcesBuildPhase section */

/* Begin PBXTargetDependency section */
		4406FB161D362CB400814C4C /* PBXTargetDependency */ = {
			isa = PBXTargetDependency;
			target = 4406FAFC1D362CB400814C4C /* jsq3.0 */;
			targetProxy = 4406FB151D362CB400814C4C /* PBXContainerItemProxy */;
		};
		4406FB211D362CB400814C4C /* PBXTargetDependency */ = {
			isa = PBXTargetDependency;
			target = 4406FAFC1D362CB400814C4C /* jsq3.0 */;
			targetProxy = 4406FB201D362CB400814C4C /* PBXContainerItemProxy */;
		};
/* End PBXTargetDependency section */

/* Begin PBXVariantGroup section */
		4406FB041D362CB400814C4C /* Main.storyboard */ = {
			isa = PBXVariantGroup;
			children = (
				4406FB051D362CB400814C4C /* Base */,
			);
			name = Main.storyboard;
			sourceTree = "<group>";
		};
		4406FB0C1D362CB400814C4C /* LaunchScreen.storyboard */ = {
			isa = PBXVariantGroup;
			children = (
				4406FB0D1D362CB400814C4C /* Base */,
			);
			name = LaunchScreen.storyboard;
			sourceTree = "<group>";
		};
/* End PBXVariantGroup section */

/* Begin XCBuildConfiguration section */
		4406FB261D362CB400814C4C /* Debug */ = {
			isa = XCBuildConfiguration;
			buildSettings = {
				ALWAYS_SEARCH_USER_PATHS = NO;
				CLANG_ANALYZER_NONNULL = YES;
				CLANG_CXX_LANGUAGE_STANDARD = "gnu++0x";
				CLANG_CXX_LIBRARY = "libc++";
				CLANG_ENABLE_MODULES = YES;
				CLANG_ENABLE_OBJC_ARC = YES;
				CLANG_WARN_BOOL_CONVERSION = YES;
				CLANG_WARN_CONSTANT_CONVERSION = YES;
				CLANG_WARN_DIRECT_OBJC_ISA_USAGE = YES_ERROR;
				CLANG_WARN_EMPTY_BODY = YES;
				CLANG_WARN_ENUM_CONVERSION = YES;
				CLANG_WARN_INT_CONVERSION = YES;
				CLANG_WARN_OBJC_ROOT_CLASS = YES_ERROR;
				CLANG_WARN_UNREACHABLE_CODE = YES;
				CLANG_WARN__DUPLICATE_METHOD_MATCH = YES;
				"CODE_SIGN_IDENTITY[sdk=iphoneos*]" = "iPhone Developer";
				COPY_PHASE_STRIP = NO;
				DEBUG_INFORMATION_FORMAT = dwarf;
				ENABLE_STRICT_OBJC_MSGSEND = YES;
				ENABLE_TESTABILITY = YES;
				GCC_C_LANGUAGE_STANDARD = gnu99;
				GCC_DYNAMIC_NO_PIC = NO;
				GCC_NO_COMMON_BLOCKS = YES;
				GCC_OPTIMIZATION_LEVEL = 0;
				GCC_PREPROCESSOR_DEFINITIONS = (
					"DEBUG=1",
					"$(inherited)",
				);
				GCC_WARN_64_TO_32_BIT_CONVERSION = YES;
				GCC_WARN_ABOUT_RETURN_TYPE = YES_ERROR;
				GCC_WARN_UNDECLARED_SELECTOR = YES;
				GCC_WARN_UNINITIALIZED_AUTOS = YES_AGGRESSIVE;
				GCC_WARN_UNUSED_FUNCTION = YES;
				GCC_WARN_UNUSED_VARIABLE = YES;
				IPHONEOS_DEPLOYMENT_TARGET = 9.3;
				MTL_ENABLE_DEBUG_INFO = YES;
				ONLY_ACTIVE_ARCH = YES;
				SDKROOT = iphoneos;
				SWIFT_OPTIMIZATION_LEVEL = "-Onone";
			};
			name = Debug;
		};
		4406FB271D362CB400814C4C /* Release */ = {
			isa = XCBuildConfiguration;
			buildSettings = {
				ALWAYS_SEARCH_USER_PATHS = NO;
				CLANG_ANALYZER_NONNULL = YES;
				CLANG_CXX_LANGUAGE_STANDARD = "gnu++0x";
				CLANG_CXX_LIBRARY = "libc++";
				CLANG_ENABLE_MODULES = YES;
				CLANG_ENABLE_OBJC_ARC = YES;
				CLANG_WARN_BOOL_CONVERSION = YES;
				CLANG_WARN_CONSTANT_CONVERSION = YES;
				CLANG_WARN_DIRECT_OBJC_ISA_USAGE = YES_ERROR;
				CLANG_WARN_EMPTY_BODY = YES;
				CLANG_WARN_ENUM_CONVERSION = YES;
				CLANG_WARN_INT_CONVERSION = YES;
				CLANG_WARN_OBJC_ROOT_CLASS = YES_ERROR;
				CLANG_WARN_UNREACHABLE_CODE = YES;
				CLANG_WARN__DUPLICATE_METHOD_MATCH = YES;
				"CODE_SIGN_IDENTITY[sdk=iphoneos*]" = "iPhone Developer";
				COPY_PHASE_STRIP = NO;
				DEBUG_INFORMATION_FORMAT = "dwarf-with-dsym";
				ENABLE_NS_ASSERTIONS = NO;
				ENABLE_STRICT_OBJC_MSGSEND = YES;
				GCC_C_LANGUAGE_STANDARD = gnu99;
				GCC_NO_COMMON_BLOCKS = YES;
				GCC_WARN_64_TO_32_BIT_CONVERSION = YES;
				GCC_WARN_ABOUT_RETURN_TYPE = YES_ERROR;
				GCC_WARN_UNDECLARED_SELECTOR = YES;
				GCC_WARN_UNINITIALIZED_AUTOS = YES_AGGRESSIVE;
				GCC_WARN_UNUSED_FUNCTION = YES;
				GCC_WARN_UNUSED_VARIABLE = YES;
				IPHONEOS_DEPLOYMENT_TARGET = 9.3;
				MTL_ENABLE_DEBUG_INFO = NO;
				SDKROOT = iphoneos;
				VALIDATE_PRODUCT = YES;
			};
			name = Release;
		};
		4406FB291D362CB400814C4C /* Debug */ = {
			isa = XCBuildConfiguration;
			buildSettings = {
				ASSETCATALOG_COMPILER_APPICON_NAME = AppIcon;
				INFOPLIST_FILE = jsq3.0/Info.plist;
				LD_RUNPATH_SEARCH_PATHS = "$(inherited) @executable_path/Frameworks";
				PRODUCT_BUNDLE_IDENTIFIER = "www.Swiftv.cn.jsq3-0";
				PRODUCT_NAME = "$(TARGET_NAME)";
			};
			name = Debug;
		};
		4406FB2A1D362CB400814C4C /* Release */ = {
			isa = XCBuildConfiguration;
			buildSettings = {
				ASSETCATALOG_COMPILER_APPICON_NAME = AppIcon;
				INFOPLIST_FILE = jsq3.0/Info.plist;
				LD_RUNPATH_SEARCH_PATHS = "$(inherited) @executable_path/Frameworks";
				PRODUCT_BUNDLE_IDENTIFIER = "www.Swiftv.cn.jsq3-0";
				PRODUCT_NAME = "$(TARGET_NAME)";
			};
			name = Release;
		};
		4406FB2C1D362CB400814C4C /* Debug */ = {
			isa = XCBuildConfiguration;
			buildSettings = {
				BUNDLE_LOADER = "$(TEST_HOST)";
				INFOPLIST_FILE = jsq3.0Tests/Info.plist;
				LD_RUNPATH_SEARCH_PATHS = "$(inherited) @executable_path/Frameworks @loader_path/Frameworks";
				PRODUCT_BUNDLE_IDENTIFIER = "www.Swiftv.cn.jsq3-0Tests";
				PRODUCT_NAME = "$(TARGET_NAME)";
				TEST_HOST = "$(BUILT_PRODUCTS_DIR)/jsq3.0.app/jsq3.0";
			};
			name = Debug;
		};
		4406FB2D1D362CB400814C4C /* Release */ = {
			isa = XCBuildConfiguration;
			buildSettings = {
				BUNDLE_LOADER = "$(TEST_HOST)";
				INFOPLIST_FILE = jsq3.0Tests/Info.plist;
				LD_RUNPATH_SEARCH_PATHS = "$(inherited) @executable_path/Frameworks @loader_path/Frameworks";
				PRODUCT_BUNDLE_IDENTIFIER = "www.Swiftv.cn.jsq3-0Tests";
				PRODUCT_NAME = "$(TARGET_NAME)";
				TEST_HOST = "$(BUILT_PRODUCTS_DIR)/jsq3.0.app/jsq3.0";
			};
			name = Release;
		};
		4406FB2F1D362CB400814C4C /* Debug */ = {
			isa = XCBuildConfiguration;
			buildSettings = {
				INFOPLIST_FILE = jsq3.0UITests/Info.plist;
				LD_RUNPATH_SEARCH_PATHS = "$(inherited) @executable_path/Frameworks @loader_path/Frameworks";
				PRODUCT_BUNDLE_IDENTIFIER = "www.Swiftv.cn.jsq3-0UITests";
				PRODUCT_NAME = "$(TARGET_NAME)";
				TEST_TARGET_NAME = jsq3.0;
			};
			name = Debug;
		};
		4406FB301D362CB400814C4C /* Release */ = {
			isa = XCBuildConfiguration;
			buildSettings = {
				INFOPLIST_FILE = jsq3.0UITests/Info.plist;
				LD_RUNPATH_SEARCH_PATHS = "$(inherited) @executable_path/Frameworks @loader_path/Frameworks";
				PRODUCT_BUNDLE_IDENTIFIER = "www.Swiftv.cn.jsq3-0UITests";
				PRODUCT_NAME = "$(TARGET_NAME)";
				TEST_TARGET_NAME = jsq3.0;
			};
			name = Release;
		};
/* End XCBuildConfiguration section */

/* Begin XCConfigurationList section */
		4406FAF81D362CB400814C4C /* Build configuration list for PBXProject "jsq3.0" */ = {
			isa = XCConfigurationList;
			buildConfigurations = (
				4406FB261D362CB400814C4C /* Debug */,
				4406FB271D362CB400814C4C /* Release */,
			);
			defaultConfigurationIsVisible = 0;
			defaultConfigurationName = Release;
		};
		4406FB281D362CB400814C4C /* Build configuration list for PBXNativeTarget "jsq3.0" */ = {
			isa = XCConfigurationList;
			buildConfigurations = (
				4406FB291D362CB400814C4C /* Debug */,
				4406FB2A1D362CB400814C4C /* Release */,
			);
			defaultConfigurationIsVisible = 0;
		};
		4406FB2B1D362CB400814C4C /* Build configuration list for PBXNativeTarget "jsq3.0Tests" */ = {
			isa = XCConfigurationList;
			buildConfigurations = (
				4406FB2C1D362CB400814C4C /* Debug */,
				4406FB2D1D362CB400814C4C /* Release */,
			);
			defaultConfigurationIsVisible = 0;
		};
		4406FB2E1D362CB400814C4C /* Build configuration list for PBXNativeTarget "jsq3.0UITests" */ = {
			isa = XCConfigurationList;
			buildConfigurations = (
				4406FB2F1D362CB400814C4C /* Debug */,
				4406FB301D362CB400814C4C /* Release */,
			);
			defaultConfigurationIsVisible = 0;
		};
/* End XCConfigurationList section */

/* Begin XCVersionGroup section */
		4406FB071D362CB400814C4C /* jsq3_0.xcdatamodeld */ = {
			isa = XCVersionGroup;
			children = (
				4406FB081D362CB400814C4C /* jsq3_0.xcdatamodel */,
			);
			currentVersion = 4406FB081D362CB400814C4C /* jsq3_0.xcdatamodel */;
			path = jsq3_0.xcdatamodeld;
			sourceTree = "<group>";
			versionGroupType = wrapper.xcdatamodel;
		};
/* End XCVersionGroup section */
	};
	rootObject = 4406FAF51D362CB400814C4C /* Project object */;
}
